# Generated by buf. DO NOT EDIT.
version: v1
deps:
  - remote: buf.build
    owner: castbox
    repository: goguru
    commit: 78664a07198d49ac9df0eac863913f9d
    digest: shake256:f49625db35ea49005efb78917175b0464d65b6a5c650040b63b77ff45765d50c63ca823d4a20d2c1e282610540173291d3d7bc8ea615413f297d957576853234
  - remote: buf.build
    owner: googleapis
    repository: googleapis
    commit: f0e53af8f2fc4556b94f482688b57223
    digest: shake256:de26a277fc28b8b411ecf58729d78d32fcf15090ffd998a4469225b17889bfb51442eaab04bb7a8d88d203ecdf0a9febd4ffd52c18ed1c2229160c7bd353ca95
  - remote: buf.build
    owner: kratos
    repository: apis
    commit: c2de25f14fa445a79a054214f31d17a8
    digest: shake256:91c024935d46f7966667c29e4fc933435959f93c3f0e675e1227c99db09905d44f8ec275b770da7659df5a6b18f4710da157b6d8ad760a4a95f60365b231e637
  - remote: buf.build
    owner: srikrsna
    repository: protoc-gen-gotag
    commit: 7a85d3ad2e7642c198480e92bf730c14
    digest: shake256:059f136681cd47abe2d6e83d20b9594071c481572d16cebfafbc81ba3d3e7924aef6974f99da53d67a01d033e30b7bf57985a206b4e856fc82508545de84a70c
