# Generated by buf. DO NOT EDIT.
version: v1
deps:
  - remote: buf.build
    owner: castbox
    repository: guru-service
    commit: 93239fd5435e4be8b666224bcb27e957
    digest: shake256:3a2d81060a905c30f78f89e44d9d6cd90b632703a036baddd5f4aff8ab27dd1b1158a85e06d4e498a6145f71df50b4aeec427dc2aa5b2512c6a098a7e86f969c
  - remote: buf.build
    owner: googleapis
    repository: googleapis
    commit: a86849a25cc04f4dbe9b15ddddfbc488
    digest: shake256:e19143328f8cbfe13fc226aeee5e63773ca494693a72740a7560664270039a380d94a1344234b88c7691311460df9a9b1c2982190d0a2612eae80368718e1943
  - remote: buf.build
    owner: kratos
    repository: apis
    commit: c2de25f14fa445a79a054214f31d17a8
    digest: shake256:91c024935d46f7966667c29e4fc933435959f93c3f0e675e1227c99db09905d44f8ec275b770da7659df5a6b18f4710da157b6d8ad760a4a95f60365b231e637
  - remote: buf.build
    owner: srikrsna
    repository: protoc-gen-gotag
    commit: 7a85d3ad2e7642c198480e92bf730c14
    digest: shake256:059f136681cd47abe2d6e83d20b9594071c481572d16cebfafbc81ba3d3e7924aef6974f99da53d67a01d033e30b7bf57985a206b4e856fc82508545de84a70c
  - remote: buf.build
    owner: wesleywu
    repository: gowing
    commit: dda92e88e060486eb0fba64775cf52de
    digest: shake256:a60215fcedf1b182f7345326ecbd1227d89cf805643ed4b5edc1e1fb666b81555111548ab3c6f1295573d051a05fa9401bffbed3d4eef4f1f318d20868c3543d
